
Microsoft Visual Studio Solution File, Format Version 12.00
# Visual Studio Version 17
VisualStudioVersion = 17.14.36915.13 d17.14
MinimumVisualStudioVersion = 10.0.40219.1
Project("{FAE04EC0-301F-11D3-BF4B-00C04F79EFBC}") = "studentapi", "studentapi.csproj", "{105F71C8-94FA-4D54-97F0-4E11DFF3097D}"
EndProject
Global
	GlobalSection(SolutionConfigurationPlatforms) = preSolution
		Debug|Any CPU = Debug|Any CPU
		Release|Any CPU = Release|Any CPU
	EndGlobalSection
	GlobalSection(ProjectConfigurationPlatforms) = postSolution
		{105F71C8-94FA-4D54-97F0-4E11DFF3097D}.Debug|Any CPU.ActiveCfg = Debug|Any CPU
		{105F71C8-94FA-4D54-97F0-4E11DFF3097D}.Debug|Any CPU.Build.0 = Debug|Any CPU
		{105F71C8-94FA-4D54-97F0-4E11DFF3097D}.Release|Any CPU.ActiveCfg = Release|Any CPU
		{105F71C8-94FA-4D54-97F0-4E11DFF3097D}.Release|Any CPU.Build.0 = Release|Any CPU
	EndGlobalSection
	GlobalSection(SolutionProperties) = preSolution
		HideSolutionNode = FALSE
	EndGlobalSection
	GlobalSection(ExtensibilityGlobals) = postSolution
		SolutionGuid = {EFEDA845-6C21-4D4B-81A0-2FE8257B6A3B}
	EndGlobalSection
EndGlobal
